
Microsoft Visual Studio Solution File, Format Version 12.00
# Visual Studio 15
VisualStudioVersion = 15.0.27428.2002
MinimumVisualStudioVersion = 10.0.40219.1
Project("{8BC9CEB8-8B4A-11D0-8D11-00A0C91BC942}") = "사칙연산활용", "사칙연산활용\사칙연산활용.vcxproj", "{75FC76E2-DA81-49E4-8E97-7B55062A5935}"
EndProject
Global
	GlobalSection(SolutionConfigurationPlatforms) = preSolution
		Debug|x64 = Debug|x64
		Debug|x86 = Debug|x86
		Release|x64 = Release|x64
		Release|x86 = Release|x86
	EndGlobalSection
	GlobalSection(ProjectConfigurationPlatforms) = postSolution
		{75FC76E2-DA81-49E4-8E97-7B55062A5935}.Debug|x64.ActiveCfg = Debug|x64
		{75FC76E2-DA81-49E4-8E97-7B55062A5935}.Debug|x64.Build.0 = Debug|x64
		{75FC76E2-DA81-49E4-8E97-7B55062A5935}.Debug|x86.ActiveCfg = Debug|Win32
		{75FC76E2-DA81-49E4-8E97-7B55062A5935}.Debug|x86.Build.0 = Debug|Win32
		{75FC76E2-DA81-49E4-8E97-7B55062A5935}.Release|x64.ActiveCfg = Release|x64
		{75FC76E2-DA81-49E4-8E97-7B55062A5935}.Release|x64.Build.0 = Release|x64
		{75FC76E2-DA81-49E4-8E97-7B55062A5935}.Release|x86.ActiveCfg = Release|Win32
		{75FC76E2-DA81-49E4-8E97-7B55062A5935}.Release|x86.Build.0 = Release|Win32
	EndGlobalSection
	GlobalSection(SolutionProperties) = preSolution
		HideSolutionNode = FALSE
	EndGlobalSection
	GlobalSection(ExtensibilityGlobals) = postSolution
		SolutionGuid = {F3AE9CF0-6332-400D-90BB-4E763DC0857F}
	EndGlobalSection
EndGlobal
