
Microsoft Visual Studio Solution File, Format Version 12.00
# Visual Studio 15
VisualStudioVersion = 15.0.27428.2002
MinimumVisualStudioVersion = 10.0.40219.1
Project("{8BC9CEB8-8B4A-11D0-8D11-00A0C91BC942}") = "문자열 사용하기", "문자열 사용하기\문자열 사용하기.vcxproj", "{47F22E6F-7768-49AC-9D81-198111DE7153}"
EndProject
Global
	GlobalSection(SolutionConfigurationPlatforms) = preSolution
		Debug|x64 = Debug|x64
		Debug|x86 = Debug|x86
		Release|x64 = Release|x64
		Release|x86 = Release|x86
	EndGlobalSection
	GlobalSection(ProjectConfigurationPlatforms) = postSolution
		{47F22E6F-7768-49AC-9D81-198111DE7153}.Debug|x64.ActiveCfg = Debug|x64
		{47F22E6F-7768-49AC-9D81-198111DE7153}.Debug|x64.Build.0 = Debug|x64
		{47F22E6F-7768-49AC-9D81-198111DE7153}.Debug|x86.ActiveCfg = Debug|Win32
		{47F22E6F-7768-49AC-9D81-198111DE7153}.Debug|x86.Build.0 = Debug|Win32
		{47F22E6F-7768-49AC-9D81-198111DE7153}.Release|x64.ActiveCfg = Release|x64
		{47F22E6F-7768-49AC-9D81-198111DE7153}.Release|x64.Build.0 = Release|x64
		{47F22E6F-7768-49AC-9D81-198111DE7153}.Release|x86.ActiveCfg = Release|Win32
		{47F22E6F-7768-49AC-9D81-198111DE7153}.Release|x86.Build.0 = Release|Win32
	EndGlobalSection
	GlobalSection(SolutionProperties) = preSolution
		HideSolutionNode = FALSE
	EndGlobalSection
	GlobalSection(ExtensibilityGlobals) = postSolution
		SolutionGuid = {657CF7A6-92CB-4E7D-BEB9-B9276C374DBD}
	EndGlobalSection
EndGlobal
